// !$*UTF8*$!
{
	archiveVersion = 1;
	classes = {
	};
	objectVersion = 46;
	objects = {

/* Begin PBXBuildFile section */
		63525608195F06ED0023E4B1 /* Foundation.framework in Frameworks */ = {isa = PBXBuildFile; fileRef = 63525607195F06ED0023E4B1 /* Foundation.framework */; };
		6352560A195F06ED0023E4B1 /* CoreGraphics.framework in Frameworks */ = {isa = PBXBuildFile; fileRef = 63525609195F06ED0023E4B1 /* CoreGraphics.framework */; };
		6352560C195F06ED0023E4B1 /* UIKit.framework in Frameworks */ = {isa = PBXBuildFile; fileRef = 6352560B195F06ED0023E4B1 /* UIKit.framework */; };
		63525612195F06ED0023E4B1 /* InfoPlist.strings in Resources */ = {isa = PBXBuildFile; fileRef = 63525610195F06ED0023E4B1 /* InfoPlist.strings */; };
		63525614195F06ED0023E4B1 /* main.m in Sources */ = {isa = PBXBuildFile; fileRef = 63525613195F06ED0023E4B1 /* main.m */; };
		63525618195F06ED0023E4B1 /* AppDelegate.m in Sources */ = {isa = PBXBuildFile; fileRef = 63525617195F06ED0023E4B1 /* AppDelegate.m */; };
		6352561A195F06ED0023E4B1 /* Images.xcassets in Resources */ = {isa = PBXBuildFile; fileRef = 63525619195F06ED0023E4B1 /* Images.xcassets */; };
		63525621195F06ED0023E4B1 /* XCTest.framework in Frameworks */ = {isa = PBXBuildFile; fileRef = 63525620195F06ED0023E4B1 /* XCTest.framework */; };
		63525622195F06ED0023E4B1 /* Foundation.framework in Frameworks */ = {isa = PBXBuildFile; fileRef = 63525607195F06ED0023E4B1 /* Foundation.framework */; };
		63525623195F06ED0023E4B1 /* UIKit.framework in Frameworks */ = {isa = PBXBuildFile; fileRef = 6352560B195F06ED0023E4B1 /* UIKit.framework */; };
		6352562B195F06ED0023E4B1 /* InfoPlist.strings in Resources */ = {isa = PBXBuildFile; fileRef = 63525629195F06ED0023E4B1 /* InfoPlist.strings */; };
		6352562D195F06ED0023E4B1 /* PikitTests.m in Sources */ = {isa = PBXBuildFile; fileRef = 6352562C195F06ED0023E4B1 /* PikitTests.m */; };
		63525637195F07420023E4B1 /* MainStoryboard.storyboard in Resources */ = {isa = PBXBuildFile; fileRef = 63525636195F07420023E4B1 /* MainStoryboard.storyboard */; };
/* End PBXBuildFile section */

/* Begin PBXContainerItemProxy section */
		63525624195F06ED0023E4B1 /* PBXContainerItemProxy */ = {
			isa = PBXContainerItemProxy;
			containerPortal = 635255FC195F06ED0023E4B1 /* Project object */;
			proxyType = 1;
			remoteGlobalIDString = 63525603195F06ED0023E4B1;
			remoteInfo = Pikit;
		};
/* End PBXContainerItemProxy section */

/* Begin PBXFileReference section */
		63525604195F06ED0023E4B1 /* Pikit.app */ = {isa = PBXFileReference; explicitFileType = wrapper.application; includeInIndex = 0; path = Pikit.app; sourceTree = BUILT_PRODUCTS_DIR; };
		63525607195F06ED0023E4B1 /* Foundation.framework */ = {isa = PBXFileReference; lastKnownFileType = wrapper.framework; name = Foundation.framework; path = System/Library/Frameworks/Foundation.framework; sourceTree = SDKROOT; };
		63525609195F06ED0023E4B1 /* CoreGraphics.framework */ = {isa = PBXFileReference; lastKnownFileType = wrapper.framework; name = CoreGraphics.framework; path = System/Library/Frameworks/CoreGraphics.framework; sourceTree = SDKROOT; };
		6352560B195F06ED0023E4B1 /* UIKit.framework */ = {isa = PBXFileReference; lastKnownFileType = wrapper.framework; name = UIKit.framework; path = System/Library/Frameworks/UIKit.framework; sourceTree = SDKROOT; };
		6352560F195F06ED0023E4B1 /* Pikit-Info.plist */ = {isa = PBXFileReference; lastKnownFileType = text.plist.xml; path = "Pikit-Info.plist"; sourceTree = "<group>"; };
		63525611195F06ED0023E4B1 /* en */ = {isa = PBXFileReference; lastKnownFileType = text.plist.strings; name = en; path = en.lproj/InfoPlist.strings; sourceTree = "<group>"; };
		63525613195F06ED0023E4B1 /* main.m */ = {isa = PBXFileReference; lastKnownFileType = sourcecode.c.objc; path = main.m; sourceTree = "<group>"; };
		63525615195F06ED0023E4B1 /* Pikit-Prefix.pch */ = {isa = PBXFileReference; lastKnownFileType = sourcecode.c.h; path = "Pikit-Prefix.pch"; sourceTree = "<group>"; };
		63525616195F06ED0023E4B1 /* AppDelegate.h */ = {isa = PBXFileReference; lastKnownFileType = sourcecode.c.h; path = AppDelegate.h; sourceTree = "<group>"; };
		63525617195F06ED0023E4B1 /* AppDelegate.m */ = {isa = PBXFileReference; lastKnownFileType = sourcecode.c.objc; path = AppDelegate.m; sourceTree = "<group>"; };
		63525619195F06ED0023E4B1 /* Images.xcassets */ = {isa = PBXFileReference; lastKnownFileType = folder.assetcatalog; path = Images.xcassets; sourceTree = "<group>"; };
		6352561F195F06ED0023E4B1 /* PikitTests.xctest */ = {isa = PBXFileReference; explicitFileType = wrapper.cfbundle; includeInIndex = 0; path = PikitTests.xctest; sourceTree = BUILT_PRODUCTS_DIR; };
		63525620195F06ED0023E4B1 /* XCTest.framework */ = {isa = PBXFileReference; lastKnownFileType = wrapper.framework; name = XCTest.framework; path = Library/Frameworks/XCTest.framework; sourceTree = DEVELOPER_DIR; };
		63525628195F06ED0023E4B1 /* PikitTests-Info.plist */ = {isa = PBXFileReference; lastKnownFileType = text.plist.xml; path = "PikitTests-Info.plist"; sourceTree = "<group>"; };
		6352562A195F06ED0023E4B1 /* en */ = {isa = PBXFileReference; lastKnownFileType = text.plist.strings; name = en; path = en.lproj/InfoPlist.strings; sourceTree = "<group>"; };
		6352562C195F06ED0023E4B1 /* PikitTests.m */ = {isa = PBXFileReference; lastKnownFileType = sourcecode.c.objc; path = PikitTests.m; sourceTree = "<group>"; };
		63525636195F07420023E4B1 /* MainStoryboard.storyboard */ = {isa = PBXFileReference; fileEncoding = 4; lastKnownFileType = file.storyboard; path = MainStoryboard.storyboard; sourceTree = "<group>"; };
/* End PBXFileReference section */

/* Begin PBXFrameworksBuildPhase section */
		63525601195F06ED0023E4B1 /* Frameworks */ = {
			isa = PBXFrameworksBuildPhase;
			buildActionMask = 2147483647;
			files = (
				6352560A195F06ED0023E4B1 /* CoreGraphics.framework in Frameworks */,
				6352560C195F06ED0023E4B1 /* UIKit.framework in Frameworks */,
				63525608195F06ED0023E4B1 /* Foundation.framework in Frameworks */,
			);
			runOnlyForDeploymentPostprocessing = 0;
		};
		6352561C195F06ED0023E4B1 /* Frameworks */ = {
			isa = PBXFrameworksBuildPhase;
			buildActionMask = 2147483647;
			files = (
				63525621195F06ED0023E4B1 /* XCTest.framework in Frameworks */,
				63525623195F06ED0023E4B1 /* UIKit.framework in Frameworks */,
				63525622195F06ED0023E4B1 /* Foundation.framework in Frameworks */,
			);
			runOnlyForDeploymentPostprocessing = 0;
		};
/* End PBXFrameworksBuildPhase section */

/* Begin PBXGroup section */
		635255FB195F06ED0023E4B1 = {
			isa = PBXGroup;
			children = (
				63525636195F07420023E4B1 /* MainStoryboard.storyboard */,
				6352560D195F06ED0023E4B1 /* Pikit */,
				63525626195F06ED0023E4B1 /* PikitTests */,
				63525606195F06ED0023E4B1 /* Frameworks */,
				63525605195F06ED0023E4B1 /* Products */,
			);
			sourceTree = "<group>";
		};
		63525605195F06ED0023E4B1 /* Products */ = {
			isa = PBXGroup;
			children = (
				63525604195F06ED0023E4B1 /* Pikit.app */,
				6352561F195F06ED0023E4B1 /* PikitTests.xctest */,
			);
			name = Products;
			sourceTree = "<group>";
		};
		63525606195F06ED0023E4B1 /* Frameworks */ = {
			isa = PBXGroup;
			children = (
				63525607195F06ED0023E4B1 /* Foundation.framework */,
				63525609195F06ED0023E4B1 /* CoreGraphics.framework */,
				6352560B195F06ED0023E4B1 /* UIKit.framework */,
				63525620195F06ED0023E4B1 /* XCTest.framework */,
			);
			name = Frameworks;
			sourceTree = "<group>";
		};
		6352560D195F06ED0023E4B1 /* Pikit */ = {
			isa = PBXGroup;
			children = (
				63525616195F06ED0023E4B1 /* AppDelegate.h */,
				63525617195F06ED0023E4B1 /* AppDelegate.m */,
				63525619195F06ED0023E4B1 /* Images.xcassets */,
				6352560E195F06ED0023E4B1 /* Supporting Files */,
			);
			path = Pikit;
			sourceTree = "<group>";
		};
		6352560E195F06ED0023E4B1 /* Supporting Files */ = {
			isa = PBXGroup;
			children = (
				6352560F195F06ED0023E4B1 /* Pikit-Info.plist */,
				63525610195F06ED0023E4B1 /* InfoPlist.strings */,
				63525613195F06ED0023E4B1 /* main.m */,
				63525615195F06ED0023E4B1 /* Pikit-Prefix.pch */,
			);
			name = "Supporting Files";
			sourceTree = "<group>";
		};
		63525626195F06ED0023E4B1 /* PikitTests */ = {
			isa = PBXGroup;
			children = (
				6352562C195F06ED0023E4B1 /* PikitTests.m */,
				63525627195F06ED0023E4B1 /* Supporting Files */,
			);
			path = PikitTests;
			sourceTree = "<group>";
		};
		63525627195F06ED0023E4B1 /* Supporting Files */ = {
			isa = PBXGroup;
			children = (
				63525628195F06ED0023E4B1 /* PikitTests-Info.plist */,
				63525629195F06ED0023E4B1 /* InfoPlist.strings */,
			);
			name = "Supporting Files";
			sourceTree = "<group>";
		};
/* End PBXGroup section */

/* Begin PBXNativeTarget section */
		63525603195F06ED0023E4B1 /* Pikit */ = {
			isa = PBXNativeTarget;
			buildConfigurationList = 63525630195F06ED0023E4B1 /* Build configuration list for PBXNativeTarget "Pikit" */;
			buildPhases = (
				63525600195F06ED0023E4B1 /* Sources */,
				63525601195F06ED0023E4B1 /* Frameworks */,
				63525602195F06ED0023E4B1 /* Resources */,
			);
			buildRules = (
			);
			dependencies = (
			);
			name = Pikit;
			productName = Pikit;
			productReference = 63525604195F06ED0023E4B1 /* Pikit.app */;
			productType = "com.apple.product-type.application";
		};
		6352561E195F06ED0023E4B1 /* PikitTests */ = {
			isa = PBXNativeTarget;
			buildConfigurationList = 63525633195F06ED0023E4B1 /* Build configuration list for PBXNativeTarget "PikitTests" */;
			buildPhases = (
				6352561B195F06ED0023E4B1 /* Sources */,
				6352561C195F06ED0023E4B1 /* Frameworks */,
				6352561D195F06ED0023E4B1 /* Resources */,
			);
			buildRules = (
			);
			dependencies = (
				63525625195F06ED0023E4B1 /* PBXTargetDependency */,
			);
			name = PikitTests;
			productName = PikitTests;
			productReference = 6352561F195F06ED0023E4B1 /* PikitTests.xctest */;
			productType = "com.apple.product-type.bundle.unit-test";
		};
/* End PBXNativeTarget section */

/* Begin PBXProject section */
		635255FC195F06ED0023E4B1 /* Project object */ = {
			isa = PBXProject;
			attributes = {
				LastUpgradeCheck = 0510;
				ORGANIZATIONNAME = AppSire;
				TargetAttributes = {
					6352561E195F06ED0023E4B1 = {
						TestTargetID = 63525603195F06ED0023E4B1;
					};
				};
			};
			buildConfigurationList = 635255FF195F06ED0023E4B1 /* Build configuration list for PBXProject "Pikit" */;
			compatibilityVersion = "Xcode 3.2";
			developmentRegion = English;
			hasScannedForEncodings = 0;
			knownRegions = (
				en,
			);
			mainGroup = 635255FB195F06ED0023E4B1;
			productRefGroup = 63525605195F06ED0023E4B1 /* Products */;
			projectDirPath = "";
			projectRoot = "";
			targets = (
				63525603195F06ED0023E4B1 /* Pikit */,
				6352561E195F06ED0023E4B1 /* PikitTests */,
			);
		};
/* End PBXProject section */

/* Begin PBXResourcesBuildPhase section */
		63525602195F06ED0023E4B1 /* Resources */ = {
			isa = PBXResourcesBuildPhase;
			buildActionMask = 2147483647;
			files = (
				63525637195F07420023E4B1 /* MainStoryboard.storyboard in Resources */,
				63525612195F06ED0023E4B1 /* InfoPlist.strings in Resources */,
				6352561A195F06ED0023E4B1 /* Images.xcassets in Resources */,
			);
			runOnlyForDeploymentPostprocessing = 0;
		};
		6352561D195F06ED0023E4B1 /* Resources */ = {
			isa = PBXResourcesBuildPhase;
			buildActionMask = 2147483647;
			files = (
				6352562B195F06ED0023E4B1 /* InfoPlist.strings in Resources */,
			);
			runOnlyForDeploymentPostprocessing = 0;
		};
/* End PBXResourcesBuildPhase section */

/* Begin PBXSourcesBuildPhase section */
		63525600195F06ED0023E4B1 /* Sources */ = {
			isa = PBXSourcesBuildPhase;
			buildActionMask = 2147483647;
			files = (
				63525618195F06ED0023E4B1 /* AppDelegate.m in Sources */,
				63525614195F06ED0023E4B1 /* main.m in Sources */,
			);
			runOnlyForDeploymentPostprocessing = 0;
		};
		6352561B195F06ED0023E4B1 /* Sources */ = {
			isa = PBXSourcesBuildPhase;
			buildActionMask = 2147483647;
			files = (
				6352562D195F06ED0023E4B1 /* PikitTests.m in Sources */,
			);
			runOnlyForDeploymentPostprocessing = 0;
		};
/* End PBXSourcesBuildPhase section */

/* Begin PBXTargetDependency section */
		63525625195F06ED0023E4B1 /* PBXTargetDependency */ = {
			isa = PBXTargetDependency;
			target = 63525603195F06ED0023E4B1 /* Pikit */;
			targetProxy = 63525624195F06ED0023E4B1 /* PBXContainerItemProxy */;
		};
/* End PBXTargetDependency section */

/* Begin PBXVariantGroup section */
		63525610195F06ED0023E4B1 /* InfoPlist.strings */ = {
			isa = PBXVariantGroup;
			children = (
				63525611195F06ED0023E4B1 /* en */,
			);
			name = InfoPlist.strings;
			sourceTree = "<group>";
		};
		63525629195F06ED0023E4B1 /* InfoPlist.strings */ = {
			isa = PBXVariantGroup;
			children = (
				6352562A195F06ED0023E4B1 /* en */,
			);
			name = InfoPlist.strings;
			sourceTree = "<group>";
		};
/* End PBXVariantGroup section */

/* Begin XCBuildConfiguration section */
		6352562E195F06ED0023E4B1 /* Debug */ = {
			isa = XCBuildConfiguration;
			buildSettings = {
				ALWAYS_SEARCH_USER_PATHS = NO;
				CLANG_CXX_LANGUAGE_STANDARD = "gnu++0x";
				CLANG_CXX_LIBRARY = "libc++";
				CLANG_ENABLE_MODULES = YES;
				CLANG_ENABLE_OBJC_ARC = YES;
				CLANG_WARN_BOOL_CONVERSION = YES;
				CLANG_WARN_CONSTANT_CONVERSION = YES;
				CLANG_WARN_DIRECT_OBJC_ISA_USAGE = YES_ERROR;
				CLANG_WARN_EMPTY_BODY = YES;
				CLANG_WARN_ENUM_CONVERSION = YES;
				CLANG_WARN_INT_CONVERSION = YES;
				CLANG_WARN_OBJC_ROOT_CLASS = YES_ERROR;
				CLANG_WARN__DUPLICATE_METHOD_MATCH = YES;
				"CODE_SIGN_IDENTITY[sdk=iphoneos*]" = "iPhone Developer";
				COPY_PHASE_STRIP = NO;
				GCC_C_LANGUAGE_STANDARD = gnu99;
				GCC_DYNAMIC_NO_PIC = NO;
				GCC_OPTIMIZATION_LEVEL = 0;
				GCC_PREPROCESSOR_DEFINITIONS = (
					"DEBUG=1",
					"$(inherited)",
				);
				GCC_SYMBOLS_PRIVATE_EXTERN = NO;
				GCC_WARN_64_TO_32_BIT_CONVERSION = YES;
				GCC_WARN_ABOUT_RETURN_TYPE = YES_ERROR;
				GCC_WARN_UNDECLARED_SELECTOR = YES;
				GCC_WARN_UNINITIALIZED_AUTOS = YES_AGGRESSIVE;
				GCC_WARN_UNUSED_FUNCTION = YES;
				GCC_WARN_UNUSED_VARIABLE = YES;
				IPHONEOS_DEPLOYMENT_TARGET = 7.1;
				ONLY_ACTIVE_ARCH = YES;
				SDKROOT = iphoneos;
			};
			name = Debug;
		};
		6352562F195F06ED0023E4B1 /* Release */ = {
			isa = XCBuildConfiguration;
			buildSettings = {
				ALWAYS_SEARCH_USER_PATHS = NO;
				CLANG_CXX_LANGUAGE_STANDARD = "gnu++0x";
				CLANG_CXX_LIBRARY = "libc++";
				CLANG_ENABLE_MODULES = YES;
				CLANG_ENABLE_OBJC_ARC = YES;
				CLANG_WARN_BOOL_CONVERSION = YES;
				CLANG_WARN_CONSTANT_CONVERSION = YES;
				CLANG_WARN_DIRECT_OBJC_ISA_USAGE = YES_ERROR;
				CLANG_WARN_EMPTY_BODY = YES;
				CLANG_WARN_ENUM_CONVERSION = YES;
				CLANG_WARN_INT_CONVERSION = YES;
				CLANG_WARN_OBJC_ROOT_CLASS = YES_ERROR;
				CLANG_WARN__DUPLICATE_METHOD_MATCH = YES;
				"CODE_SIGN_IDENTITY[sdk=iphoneos*]" = "iPhone Developer";
				COPY_PHASE_STRIP = YES;
				ENABLE_NS_ASSERTIONS = NO;
				GCC_C_LANGUAGE_STANDARD = gnu99;
				GCC_WARN_64_TO_32_BIT_CONVERSION = YES;
				GCC_WARN_ABOUT_RETURN_TYPE = YES_ERROR;
				GCC_WARN_UNDECLARED_SELECTOR = YES;
				GCC_WARN_UNINITIALIZED_AUTOS = YES_AGGRESSIVE;
				GCC_WARN_UNUSED_FUNCTION = YES;
				GCC_WARN_UNUSED_VARIABLE = YES;
				IPHONEOS_DEPLOYMENT_TARGET = 7.1;
				SDKROOT = iphoneos;
				VALIDATE_PRODUCT = YES;
			};
			name = Release;
		};
		63525631195F06ED0023E4B1 /* Debug */ = {
			isa = XCBuildConfiguration;
			buildSettings = {
				ASSETCATALOG_COMPILER_APPICON_NAME = AppIcon;
				ASSETCATALOG_COMPILER_LAUNCHIMAGE_NAME = LaunchImage;
				GCC_PRECOMPILE_PREFIX_HEADER = YES;
				GCC_PREFIX_HEADER = "Pikit/Pikit-Prefix.pch";
				INFOPLIST_FILE = "Pikit/Pikit-Info.plist";
				PRODUCT_NAME = "$(TARGET_NAME)";
				WRAPPER_EXTENSION = app;
			};
			name = Debug;
		};
		63525632195F06ED0023E4B1 /* Release */ = {
			isa = XCBuildConfiguration;
			buildSettings = {
				ASSETCATALOG_COMPILER_APPICON_NAME = AppIcon;
				ASSETCATALOG_COMPILER_LAUNCHIMAGE_NAME = LaunchImage;
				GCC_PRECOMPILE_PREFIX_HEADER = YES;
				GCC_PREFIX_HEADER = "Pikit/Pikit-Prefix.pch";
				INFOPLIST_FILE = "Pikit/Pikit-Info.plist";
				PRODUCT_NAME = "$(TARGET_NAME)";
				WRAPPER_EXTENSION = app;
			};
			name = Release;
		};
		63525634195F06ED0023E4B1 /* Debug */ = {
			isa = XCBuildConfiguration;
			buildSettings = {
				BUNDLE_LOADER = "$(BUILT_PRODUCTS_DIR)/Pikit.app/Pikit";
				FRAMEWORK_SEARCH_PATHS = (
					"$(SDKROOT)/Developer/Library/Frameworks",
					"$(inherited)",
					"$(DEVELOPER_FRAMEWORKS_DIR)",
				);
				GCC_PRECOMPILE_PREFIX_HEADER = YES;
				GCC_PREFIX_HEADER = "Pikit/Pikit-Prefix.pch";
				GCC_PREPROCESSOR_DEFINITIONS = (
					"DEBUG=1",
					"$(inherited)",
				);
				INFOPLIST_FILE = "PikitTests/PikitTests-Info.plist";
				PRODUCT_NAME = "$(TARGET_NAME)";
				TEST_HOST = "$(BUNDLE_LOADER)";
				WRAPPER_EXTENSION = xctest;
			};
			name = Debug;
		};
		63525635195F06ED0023E4B1 /* Release */ = {
			isa = XCBuildConfiguration;
			buildSettings = {
				BUNDLE_LOADER = "$(BUILT_PRODUCTS_DIR)/Pikit.app/Pikit";
				FRAMEWORK_SEARCH_PATHS = (
					"$(SDKROOT)/Developer/Library/Frameworks",
					"$(inherited)",
					"$(DEVELOPER_FRAMEWORKS_DIR)",
				);
				GCC_PRECOMPILE_PREFIX_HEADER = YES;
				GCC_PREFIX_HEADER = "Pikit/Pikit-Prefix.pch";
				INFOPLIST_FILE = "PikitTests/PikitTests-Info.plist";
				PRODUCT_NAME = "$(TARGET_NAME)";
				TEST_HOST = "$(BUNDLE_LOADER)";
				WRAPPER_EXTENSION = xctest;
			};
			name = Release;
		};
/* End XCBuildConfiguration section */

/* Begin XCConfigurationList section */
		635255FF195F06ED0023E4B1 /* Build configuration list for PBXProject "Pikit" */ = {
			isa = XCConfigurationList;
			buildConfigurations = (
				6352562E195F06ED0023E4B1 /* Debug */,
				6352562F195F06ED0023E4B1 /* Release */,
			);
			defaultConfigurationIsVisible = 0;
			defaultConfigurationName = Release;
		};
		63525630195F06ED0023E4B1 /* Build configuration list for PBXNativeTarget "Pikit" */ = {
			isa = XCConfigurationList;
			buildConfigurations = (
				63525631195F06ED0023E4B1 /* Debug */,
				63525632195F06ED0023E4B1 /* Release */,
			);
			defaultConfigurationIsVisible = 0;
		};
		63525633195F06ED0023E4B1 /* Build configuration list for PBXNativeTarget "PikitTests" */ = {
			isa = XCConfigurationList;
			buildConfigurations = (
				63525634195F06ED0023E4B1 /* Debug */,
				63525635195F06ED0023E4B1 /* Release */,
			);
			defaultConfigurationIsVisible = 0;
		};
/* End XCConfigurationList section */
	};
	rootObject = 635255FC195F06ED0023E4B1 /* Project object */;
}
